
Microsoft Visual Studio Solution File, Format Version 12.00
# Visual Studio 15
VisualStudioVersion = 15.0.26124.0
MinimumVisualStudioVersion = 15.0.26124.0
Project("{FAE04EC0-301F-11D3-BF4B-00C04F79EFBC}") = "RichDomain.Domain", "RichDomain.Domain\RichDomain.Domain.csproj", "{D27F52F8-CC78-4412-887F-A1E01E51996A}"
EndProject
Project("{FAE04EC0-301F-11D3-BF4B-00C04F79EFBC}") = "RichDomain.Shared", "RichDomain.Shared\RichDomain.Shared.csproj", "{46D56B2E-0DDD-4170-9355-156383221402}"
EndProject
Project("{FAE04EC0-301F-11D3-BF4B-00C04F79EFBC}") = "RichDomain.Tests", "RichDomain.Tests\RichDomain.Tests.csproj", "{2690C39C-0E7E-44F8-84A7-474F98481DC3}"
EndProject
Global
	GlobalSection(SolutionConfigurationPlatforms) = preSolution
		Debug|Any CPU = Debug|Any CPU
		Debug|x64 = Debug|x64
		Debug|x86 = Debug|x86
		Release|Any CPU = Release|Any CPU
		Release|x64 = Release|x64
		Release|x86 = Release|x86
	EndGlobalSection
	GlobalSection(SolutionProperties) = preSolution
		HideSolutionNode = FALSE
	EndGlobalSection
	GlobalSection(ProjectConfigurationPlatforms) = postSolution
		{D27F52F8-CC78-4412-887F-A1E01E51996A}.Debug|Any CPU.ActiveCfg = Debug|Any CPU
		{D27F52F8-CC78-4412-887F-A1E01E51996A}.Debug|Any CPU.Build.0 = Debug|Any CPU
		{D27F52F8-CC78-4412-887F-A1E01E51996A}.Debug|x64.ActiveCfg = Debug|Any CPU
		{D27F52F8-CC78-4412-887F-A1E01E51996A}.Debug|x64.Build.0 = Debug|Any CPU
		{D27F52F8-CC78-4412-887F-A1E01E51996A}.Debug|x86.ActiveCfg = Debug|Any CPU
		{D27F52F8-CC78-4412-887F-A1E01E51996A}.Debug|x86.Build.0 = Debug|Any CPU
		{D27F52F8-CC78-4412-887F-A1E01E51996A}.Release|Any CPU.ActiveCfg = Release|Any CPU
		{D27F52F8-CC78-4412-887F-A1E01E51996A}.Release|Any CPU.Build.0 = Release|Any CPU
		{D27F52F8-CC78-4412-887F-A1E01E51996A}.Release|x64.ActiveCfg = Release|Any CPU
		{D27F52F8-CC78-4412-887F-A1E01E51996A}.Release|x64.Build.0 = Release|Any CPU
		{D27F52F8-CC78-4412-887F-A1E01E51996A}.Release|x86.ActiveCfg = Release|Any CPU
		{D27F52F8-CC78-4412-887F-A1E01E51996A}.Release|x86.Build.0 = Release|Any CPU
		{46D56B2E-0DDD-4170-9355-156383221402}.Debug|Any CPU.ActiveCfg = Debug|Any CPU
		{46D56B2E-0DDD-4170-9355-156383221402}.Debug|Any CPU.Build.0 = Debug|Any CPU
		{46D56B2E-0DDD-4170-9355-156383221402}.Debug|x64.ActiveCfg = Debug|Any CPU
		{46D56B2E-0DDD-4170-9355-156383221402}.Debug|x64.Build.0 = Debug|Any CPU
		{46D56B2E-0DDD-4170-9355-156383221402}.Debug|x86.ActiveCfg = Debug|Any CPU
		{46D56B2E-0DDD-4170-9355-156383221402}.Debug|x86.Build.0 = Debug|Any CPU
		{46D56B2E-0DDD-4170-9355-156383221402}.Release|Any CPU.ActiveCfg = Release|Any CPU
		{46D56B2E-0DDD-4170-9355-156383221402}.Release|Any CPU.Build.0 = Release|Any CPU
		{46D56B2E-0DDD-4170-9355-156383221402}.Release|x64.ActiveCfg = Release|Any CPU
		{46D56B2E-0DDD-4170-9355-156383221402}.Release|x64.Build.0 = Release|Any CPU
		{46D56B2E-0DDD-4170-9355-156383221402}.Release|x86.ActiveCfg = Release|Any CPU
		{46D56B2E-0DDD-4170-9355-156383221402}.Release|x86.Build.0 = Release|Any CPU
		{2690C39C-0E7E-44F8-84A7-474F98481DC3}.Debug|Any CPU.ActiveCfg = Debug|Any CPU
		{2690C39C-0E7E-44F8-84A7-474F98481DC3}.Debug|Any CPU.Build.0 = Debug|Any CPU
		{2690C39C-0E7E-44F8-84A7-474F98481DC3}.Debug|x64.ActiveCfg = Debug|Any CPU
		{2690C39C-0E7E-44F8-84A7-474F98481DC3}.Debug|x64.Build.0 = Debug|Any CPU
		{2690C39C-0E7E-44F8-84A7-474F98481DC3}.Debug|x86.ActiveCfg = Debug|Any CPU
		{2690C39C-0E7E-44F8-84A7-474F98481DC3}.Debug|x86.Build.0 = Debug|Any CPU
		{2690C39C-0E7E-44F8-84A7-474F98481DC3}.Release|Any CPU.ActiveCfg = Release|Any CPU
		{2690C39C-0E7E-44F8-84A7-474F98481DC3}.Release|Any CPU.Build.0 = Release|Any CPU
		{2690C39C-0E7E-44F8-84A7-474F98481DC3}.Release|x64.ActiveCfg = Release|Any CPU
		{2690C39C-0E7E-44F8-84A7-474F98481DC3}.Release|x64.Build.0 = Release|Any CPU
		{2690C39C-0E7E-44F8-84A7-474F98481DC3}.Release|x86.ActiveCfg = Release|Any CPU
		{2690C39C-0E7E-44F8-84A7-474F98481DC3}.Release|x86.Build.0 = Release|Any CPU
	EndGlobalSection
EndGlobal
